
Microsoft Visual Studio Solution File, Format Version 12.00
# Visual Studio Version 17
VisualStudioVersion = 17.5.002.0
MinimumVisualStudioVersion = 10.0.40219.1
Project("{9A19103F-16F7-4668-BE54-9A1E7A4F7556}") = "TododoDo", "TododoDo.csproj", "{57527706-D810-4BD1-99C2-B5368F09115D}"
EndProject
Global
	GlobalSection(SolutionConfigurationPlatforms) = preSolution
		Debug|Any CPU = Debug|Any CPU
		Release|Any CPU = Release|Any CPU
	EndGlobalSection
	GlobalSection(ProjectConfigurationPlatforms) = postSolution
		{57527706-D810-4BD1-99C2-B5368F09115D}.Debug|Any CPU.ActiveCfg = Debug|Any CPU
		{57527706-D810-4BD1-99C2-B5368F09115D}.Debug|Any CPU.Build.0 = Debug|Any CPU
		{57527706-D810-4BD1-99C2-B5368F09115D}.Release|Any CPU.ActiveCfg = Release|Any CPU
		{57527706-D810-4BD1-99C2-B5368F09115D}.Release|Any CPU.Build.0 = Release|Any CPU
	EndGlobalSection
	GlobalSection(SolutionProperties) = preSolution
		HideSolutionNode = FALSE
	EndGlobalSection
	GlobalSection(ExtensibilityGlobals) = postSolution
		SolutionGuid = {87F8DDBB-F39E-45AC-904B-BB294480DD3C}
	EndGlobalSection
EndGlobal
